
Microsoft Visual Studio Solution File, Format Version 12.00
Project("{FAE04EC0-301F-11D3-BF4B-00C04F79EFBC}") = "DropBear.Codex.Core", "DropBear.Codex.Core\DropBear.Codex.Core.csproj", "{CF74FF27-ED8C-476F-BCF2-D688E934E272}"
EndProject
Project("{FAE04EC0-301F-11D3-BF4B-00C04F79EFBC}") = "DropBear.Codex.Utilities", "DropBear.Codex.Utilities\DropBear.Codex.Utilities.csproj", "{A8E67254-C62C-4513-9A6B-A0359D3EB24C}"
EndProject
Project("{FAE04EC0-301F-11D3-BF4B-00C04F79EFBC}") = "DropBear.Codex.Serialization", "DropBear.Codex.Serialization\DropBear.Codex.Serialization.csproj", "{198F7775-765A-4FCB-8DBB-848FBD42D188}"
EndProject
Project("{FAE04EC0-301F-11D3-BF4B-00C04F79EFBC}") = "DropBear.Codex.Hashing", "DropBear.Codex.Hashing\DropBear.Codex.Hashing.csproj", "{5D4B1363-1EA5-4977-BC61-534FD6A98397}"
EndProject
Project("{FAE04EC0-301F-11D3-BF4B-00C04F79EFBC}") = "DropBear.Codex.Tasks", "DropBear.Codex.Tasks\DropBear.Codex.Tasks.csproj", "{4E49E2CD-6D31-4ECD-A603-A85469720664}"
EndProject
Project("{FAE04EC0-301F-11D3-BF4B-00C04F79EFBC}") = "DropBear.Codex.StateManagement", "DropBear.Codex.StateManagement\DropBear.Codex.StateManagement.csproj", "{871898EF-A3FB-4EE5-B42C-62888091CF4E}"
EndProject
Project("{FAE04EC0-301F-11D3-BF4B-00C04F79EFBC}") = "DropBear.Codex.Files", "DropBear.Codex.Files\DropBear.Codex.Files.csproj", "{56C2FDBC-8F58-45C1-92EE-9FB3523C0F81}"
EndProject
Project("{FAE04EC0-301F-11D3-BF4B-00C04F79EFBC}") = "DropBear.Codex.Blazor", "DropBear.Codex.Blazor\DropBear.Codex.Blazor.csproj", "{2E7E93B6-DD96-4570-BAB5-6E321FE75420}"
EndProject
Project("{FAE04EC0-301F-11D3-BF4B-00C04F79EFBC}") = "DropBear.Codex.Notifications", "DropBear.Codex.Notifications\DropBear.Codex.Notifications.csproj", "{A43667A3-4B52-48BE-AC15-5768489183A8}"
EndProject
Project("{FAE04EC0-301F-11D3-BF4B-00C04F79EFBC}") = "DropBear.Codex.Workflow", "DropBear.Codex.Workflow\DropBear.Codex.Workflow.csproj", "{75B58FDD-0593-446A-82EB-A34F846800D8}"
EndProject
Project("{FAE04EC0-301F-11D3-BF4B-00C04F79EFBC}") = "DropBear.Codex.Core.Tests", "DropBear.Codex.Core.Tests\DropBear.Codex.Core.Tests.csproj", "{68EF312F-C64D-4EA1-B3E8-DDE7053F9D10}"
EndProject
Project("{FAE04EC0-301F-11D3-BF4B-00C04F79EFBC}") = "DropBear.Codex.Utilities.Tests", "DropBear.Codex.Utilities.Tests\DropBear.Codex.Utilities.Tests.csproj", "{21FB986E-D200-406C-936E-E2222AEF8739}"
EndProject
Project("{FAE04EC0-301F-11D3-BF4B-00C04F79EFBC}") = "DropBear.Codex.Hashing.Tests", "DropBear.Codex.Hashing.Tests\DropBear.Codex.Hashing.Tests.csproj", "{78404254-7025-4BE7-A5C6-2F6605ED7A54}"
EndProject
Project("{FAE04EC0-301F-11D3-BF4B-00C04F79EFBC}") = "DropBear.Codex.Serialization.Tests", "DropBear.Codex.Serialization.Tests\DropBear.Codex.Serialization.Tests.csproj", "{BCF10825-F461-4883-B94C-4E20EF590190}"
EndProject
Project("{FAE04EC0-301F-11D3-BF4B-00C04F79EFBC}") = "DropBear.Codex.Files.Tests", "DropBear.Codex.Files.Tests\DropBear.Codex.Files.Tests.csproj", "{1910D385-785E-4795-8CAC-07807C287AB8}"
EndProject
Global
	GlobalSection(SolutionConfigurationPlatforms) = preSolution
		Debug|Any CPU = Debug|Any CPU
		Debug|x64 = Debug|x64
		Debug|x86 = Debug|x86
		Release|Any CPU = Release|Any CPU
		Release|x64 = Release|x64
		Release|x86 = Release|x86
	EndGlobalSection
	GlobalSection(ProjectConfigurationPlatforms) = postSolution
		{CF74FF27-ED8C-476F-BCF2-D688E934E272}.Debug|Any CPU.ActiveCfg = Debug|Any CPU
		{CF74FF27-ED8C-476F-BCF2-D688E934E272}.Debug|Any CPU.Build.0 = Debug|Any CPU
		{CF74FF27-ED8C-476F-BCF2-D688E934E272}.Debug|x64.ActiveCfg = Debug|Any CPU
		{CF74FF27-ED8C-476F-BCF2-D688E934E272}.Debug|x64.Build.0 = Debug|Any CPU
		{CF74FF27-ED8C-476F-BCF2-D688E934E272}.Debug|x86.ActiveCfg = Debug|Any CPU
		{CF74FF27-ED8C-476F-BCF2-D688E934E272}.Debug|x86.Build.0 = Debug|Any CPU
		{CF74FF27-ED8C-476F-BCF2-D688E934E272}.Release|Any CPU.ActiveCfg = Release|Any CPU
		{CF74FF27-ED8C-476F-BCF2-D688E934E272}.Release|Any CPU.Build.0 = Release|Any CPU
		{CF74FF27-ED8C-476F-BCF2-D688E934E272}.Release|x64.ActiveCfg = Release|Any CPU
		{CF74FF27-ED8C-476F-BCF2-D688E934E272}.Release|x64.Build.0 = Release|Any CPU
		{CF74FF27-ED8C-476F-BCF2-D688E934E272}.Release|x86.ActiveCfg = Release|Any CPU
		{CF74FF27-ED8C-476F-BCF2-D688E934E272}.Release|x86.Build.0 = Release|Any CPU
		{A8E67254-C62C-4513-9A6B-A0359D3EB24C}.Debug|Any CPU.ActiveCfg = Debug|Any CPU
		{A8E67254-C62C-4513-9A6B-A0359D3EB24C}.Debug|Any CPU.Build.0 = Debug|Any CPU
		{A8E67254-C62C-4513-9A6B-A0359D3EB24C}.Debug|x64.ActiveCfg = Debug|Any CPU
		{A8E67254-C62C-4513-9A6B-A0359D3EB24C}.Debug|x64.Build.0 = Debug|Any CPU
		{A8E67254-C62C-4513-9A6B-A0359D3EB24C}.Debug|x86.ActiveCfg = Debug|Any CPU
		{A8E67254-C62C-4513-9A6B-A0359D3EB24C}.Debug|x86.Build.0 = Debug|Any CPU
		{A8E67254-C62C-4513-9A6B-A0359D3EB24C}.Release|Any CPU.ActiveCfg = Release|Any CPU
		{A8E67254-C62C-4513-9A6B-A0359D3EB24C}.Release|Any CPU.Build.0 = Release|Any CPU
		{A8E67254-C62C-4513-9A6B-A0359D3EB24C}.Release|x64.ActiveCfg = Release|Any CPU
		{A8E67254-C62C-4513-9A6B-A0359D3EB24C}.Release|x64.Build.0 = Release|Any CPU
		{A8E67254-C62C-4513-9A6B-A0359D3EB24C}.Release|x86.ActiveCfg = Release|Any CPU
		{A8E67254-C62C-4513-9A6B-A0359D3EB24C}.Release|x86.Build.0 = Release|Any CPU
		{198F7775-765A-4FCB-8DBB-848FBD42D188}.Debug|Any CPU.ActiveCfg = Debug|Any CPU
		{198F7775-765A-4FCB-8DBB-848FBD42D188}.Debug|Any CPU.Build.0 = Debug|Any CPU
		{198F7775-765A-4FCB-8DBB-848FBD42D188}.Debug|x64.ActiveCfg = Debug|Any CPU
		{198F7775-765A-4FCB-8DBB-848FBD42D188}.Debug|x64.Build.0 = Debug|Any CPU
		{198F7775-765A-4FCB-8DBB-848FBD42D188}.Debug|x86.ActiveCfg = Debug|Any CPU
		{198F7775-765A-4FCB-8DBB-848FBD42D188}.Debug|x86.Build.0 = Debug|Any CPU
		{198F7775-765A-4FCB-8DBB-848FBD42D188}.Release|Any CPU.ActiveCfg = Release|Any CPU
		{198F7775-765A-4FCB-8DBB-848FBD42D188}.Release|Any CPU.Build.0 = Release|Any CPU
		{198F7775-765A-4FCB-8DBB-848FBD42D188}.Release|x64.ActiveCfg = Release|Any CPU
		{198F7775-765A-4FCB-8DBB-848FBD42D188}.Release|x64.Build.0 = Release|Any CPU
		{198F7775-765A-4FCB-8DBB-848FBD42D188}.Release|x86.ActiveCfg = Release|Any CPU
		{198F7775-765A-4FCB-8DBB-848FBD42D188}.Release|x86.Build.0 = Release|Any CPU
		{5D4B1363-1EA5-4977-BC61-534FD6A98397}.Debug|Any CPU.ActiveCfg = Debug|Any CPU
		{5D4B1363-1EA5-4977-BC61-534FD6A98397}.Debug|Any CPU.Build.0 = Debug|Any CPU
		{5D4B1363-1EA5-4977-BC61-534FD6A98397}.Debug|x64.ActiveCfg = Debug|Any CPU
		{5D4B1363-1EA5-4977-BC61-534FD6A98397}.Debug|x64.Build.0 = Debug|Any CPU
		{5D4B1363-1EA5-4977-BC61-534FD6A98397}.Debug|x86.ActiveCfg = Debug|Any CPU
		{5D4B1363-1EA5-4977-BC61-534FD6A98397}.Debug|x86.Build.0 = Debug|Any CPU
		{5D4B1363-1EA5-4977-BC61-534FD6A98397}.Release|Any CPU.ActiveCfg = Release|Any CPU
		{5D4B1363-1EA5-4977-BC61-534FD6A98397}.Release|Any CPU.Build.0 = Release|Any CPU
		{5D4B1363-1EA5-4977-BC61-534FD6A98397}.Release|x64.ActiveCfg = Release|Any CPU
		{5D4B1363-1EA5-4977-BC61-534FD6A98397}.Release|x64.Build.0 = Release|Any CPU
		{5D4B1363-1EA5-4977-BC61-534FD6A98397}.Release|x86.ActiveCfg = Release|Any CPU
		{5D4B1363-1EA5-4977-BC61-534FD6A98397}.Release|x86.Build.0 = Release|Any CPU
		{4E49E2CD-6D31-4ECD-A603-A85469720664}.Debug|Any CPU.ActiveCfg = Debug|Any CPU
		{4E49E2CD-6D31-4ECD-A603-A85469720664}.Debug|Any CPU.Build.0 = Debug|Any CPU
		{4E49E2CD-6D31-4ECD-A603-A85469720664}.Debug|x64.ActiveCfg = Debug|Any CPU
		{4E49E2CD-6D31-4ECD-A603-A85469720664}.Debug|x64.Build.0 = Debug|Any CPU
		{4E49E2CD-6D31-4ECD-A603-A85469720664}.Debug|x86.ActiveCfg = Debug|Any CPU
		{4E49E2CD-6D31-4ECD-A603-A85469720664}.Debug|x86.Build.0 = Debug|Any CPU
		{4E49E2CD-6D31-4ECD-A603-A85469720664}.Release|Any CPU.ActiveCfg = Release|Any CPU
		{4E49E2CD-6D31-4ECD-A603-A85469720664}.Release|Any CPU.Build.0 = Release|Any CPU
		{4E49E2CD-6D31-4ECD-A603-A85469720664}.Release|x64.ActiveCfg = Release|Any CPU
		{4E49E2CD-6D31-4ECD-A603-A85469720664}.Release|x64.Build.0 = Release|Any CPU
		{4E49E2CD-6D31-4ECD-A603-A85469720664}.Release|x86.ActiveCfg = Release|Any CPU
		{4E49E2CD-6D31-4ECD-A603-A85469720664}.Release|x86.Build.0 = Release|Any CPU
		{871898EF-A3FB-4EE5-B42C-62888091CF4E}.Debug|Any CPU.ActiveCfg = Debug|Any CPU
		{871898EF-A3FB-4EE5-B42C-62888091CF4E}.Debug|Any CPU.Build.0 = Debug|Any CPU
		{871898EF-A3FB-4EE5-B42C-62888091CF4E}.Debug|x64.ActiveCfg = Debug|Any CPU
		{871898EF-A3FB-4EE5-B42C-62888091CF4E}.Debug|x64.Build.0 = Debug|Any CPU
		{871898EF-A3FB-4EE5-B42C-62888091CF4E}.Debug|x86.ActiveCfg = Debug|Any CPU
		{871898EF-A3FB-4EE5-B42C-62888091CF4E}.Debug|x86.Build.0 = Debug|Any CPU
		{871898EF-A3FB-4EE5-B42C-62888091CF4E}.Release|Any CPU.ActiveCfg = Release|Any CPU
		{871898EF-A3FB-4EE5-B42C-62888091CF4E}.Release|Any CPU.Build.0 = Release|Any CPU
		{871898EF-A3FB-4EE5-B42C-62888091CF4E}.Release|x64.ActiveCfg = Release|Any CPU
		{871898EF-A3FB-4EE5-B42C-62888091CF4E}.Release|x64.Build.0 = Release|Any CPU
		{871898EF-A3FB-4EE5-B42C-62888091CF4E}.Release|x86.ActiveCfg = Release|Any CPU
		{871898EF-A3FB-4EE5-B42C-62888091CF4E}.Release|x86.Build.0 = Release|Any CPU
		{56C2FDBC-8F58-45C1-92EE-9FB3523C0F81}.Debug|Any CPU.ActiveCfg = Debug|Any CPU
		{56C2FDBC-8F58-45C1-92EE-9FB3523C0F81}.Debug|Any CPU.Build.0 = Debug|Any CPU
		{56C2FDBC-8F58-45C1-92EE-9FB3523C0F81}.Debug|x64.ActiveCfg = Debug|Any CPU
		{56C2FDBC-8F58-45C1-92EE-9FB3523C0F81}.Debug|x64.Build.0 = Debug|Any CPU
		{56C2FDBC-8F58-45C1-92EE-9FB3523C0F81}.Debug|x86.ActiveCfg = Debug|Any CPU
		{56C2FDBC-8F58-45C1-92EE-9FB3523C0F81}.Debug|x86.Build.0 = Debug|Any CPU
		{56C2FDBC-8F58-45C1-92EE-9FB3523C0F81}.Release|Any CPU.ActiveCfg = Release|Any CPU
		{56C2FDBC-8F58-45C1-92EE-9FB3523C0F81}.Release|Any CPU.Build.0 = Release|Any CPU
		{56C2FDBC-8F58-45C1-92EE-9FB3523C0F81}.Release|x64.ActiveCfg = Release|Any CPU
		{56C2FDBC-8F58-45C1-92EE-9FB3523C0F81}.Release|x64.Build.0 = Release|Any CPU
		{56C2FDBC-8F58-45C1-92EE-9FB3523C0F81}.Release|x86.ActiveCfg = Release|Any CPU
		{56C2FDBC-8F58-45C1-92EE-9FB3523C0F81}.Release|x86.Build.0 = Release|Any CPU
		{2E7E93B6-DD96-4570-BAB5-6E321FE75420}.Debug|Any CPU.ActiveCfg = Debug|Any CPU
		{2E7E93B6-DD96-4570-BAB5-6E321FE75420}.Debug|Any CPU.Build.0 = Debug|Any CPU
		{2E7E93B6-DD96-4570-BAB5-6E321FE75420}.Debug|x64.ActiveCfg = Debug|Any CPU
		{2E7E93B6-DD96-4570-BAB5-6E321FE75420}.Debug|x64.Build.0 = Debug|Any CPU
		{2E7E93B6-DD96-4570-BAB5-6E321FE75420}.Debug|x86.ActiveCfg = Debug|Any CPU
		{2E7E93B6-DD96-4570-BAB5-6E321FE75420}.Debug|x86.Build.0 = Debug|Any CPU
		{2E7E93B6-DD96-4570-BAB5-6E321FE75420}.Release|Any CPU.ActiveCfg = Release|Any CPU
		{2E7E93B6-DD96-4570-BAB5-6E321FE75420}.Release|Any CPU.Build.0 = Release|Any CPU
		{2E7E93B6-DD96-4570-BAB5-6E321FE75420}.Release|x64.ActiveCfg = Release|Any CPU
		{2E7E93B6-DD96-4570-BAB5-6E321FE75420}.Release|x64.Build.0 = Release|Any CPU
		{2E7E93B6-DD96-4570-BAB5-6E321FE75420}.Release|x86.ActiveCfg = Release|Any CPU
		{2E7E93B6-DD96-4570-BAB5-6E321FE75420}.Release|x86.Build.0 = Release|Any CPU
		{A43667A3-4B52-48BE-AC15-5768489183A8}.Debug|Any CPU.ActiveCfg = Debug|Any CPU
		{A43667A3-4B52-48BE-AC15-5768489183A8}.Debug|Any CPU.Build.0 = Debug|Any CPU
		{A43667A3-4B52-48BE-AC15-5768489183A8}.Debug|x64.ActiveCfg = Debug|Any CPU
		{A43667A3-4B52-48BE-AC15-5768489183A8}.Debug|x64.Build.0 = Debug|Any CPU
		{A43667A3-4B52-48BE-AC15-5768489183A8}.Debug|x86.ActiveCfg = Debug|Any CPU
		{A43667A3-4B52-48BE-AC15-5768489183A8}.Debug|x86.Build.0 = Debug|Any CPU
		{A43667A3-4B52-48BE-AC15-5768489183A8}.Release|Any CPU.ActiveCfg = Release|Any CPU
		{A43667A3-4B52-48BE-AC15-5768489183A8}.Release|Any CPU.Build.0 = Release|Any CPU
		{A43667A3-4B52-48BE-AC15-5768489183A8}.Release|x64.ActiveCfg = Release|Any CPU
		{A43667A3-4B52-48BE-AC15-5768489183A8}.Release|x64.Build.0 = Release|Any CPU
		{A43667A3-4B52-48BE-AC15-5768489183A8}.Release|x86.ActiveCfg = Release|Any CPU
		{A43667A3-4B52-48BE-AC15-5768489183A8}.Release|x86.Build.0 = Release|Any CPU
		{75B58FDD-0593-446A-82EB-A34F846800D8}.Debug|Any CPU.ActiveCfg = Debug|Any CPU
		{75B58FDD-0593-446A-82EB-A34F846800D8}.Debug|Any CPU.Build.0 = Debug|Any CPU
		{75B58FDD-0593-446A-82EB-A34F846800D8}.Debug|x64.ActiveCfg = Debug|Any CPU
		{75B58FDD-0593-446A-82EB-A34F846800D8}.Debug|x64.Build.0 = Debug|Any CPU
		{75B58FDD-0593-446A-82EB-A34F846800D8}.Debug|x86.ActiveCfg = Debug|Any CPU
		{75B58FDD-0593-446A-82EB-A34F846800D8}.Debug|x86.Build.0 = Debug|Any CPU
		{75B58FDD-0593-446A-82EB-A34F846800D8}.Release|Any CPU.ActiveCfg = Release|Any CPU
		{75B58FDD-0593-446A-82EB-A34F846800D8}.Release|Any CPU.Build.0 = Release|Any CPU
		{75B58FDD-0593-446A-82EB-A34F846800D8}.Release|x64.ActiveCfg = Release|Any CPU
		{75B58FDD-0593-446A-82EB-A34F846800D8}.Release|x64.Build.0 = Release|Any CPU
		{75B58FDD-0593-446A-82EB-A34F846800D8}.Release|x86.ActiveCfg = Release|Any CPU
		{75B58FDD-0593-446A-82EB-A34F846800D8}.Release|x86.Build.0 = Release|Any CPU
		{68EF312F-C64D-4EA1-B3E8-DDE7053F9D10}.Debug|Any CPU.ActiveCfg = Debug|Any CPU
		{68EF312F-C64D-4EA1-B3E8-DDE7053F9D10}.Debug|Any CPU.Build.0 = Debug|Any CPU
		{68EF312F-C64D-4EA1-B3E8-DDE7053F9D10}.Debug|x64.ActiveCfg = Debug|Any CPU
		{68EF312F-C64D-4EA1-B3E8-DDE7053F9D10}.Debug|x64.Build.0 = Debug|Any CPU
		{68EF312F-C64D-4EA1-B3E8-DDE7053F9D10}.Debug|x86.ActiveCfg = Debug|Any CPU
		{68EF312F-C64D-4EA1-B3E8-DDE7053F9D10}.Debug|x86.Build.0 = Debug|Any CPU
		{68EF312F-C64D-4EA1-B3E8-DDE7053F9D10}.Release|Any CPU.ActiveCfg = Release|Any CPU
		{68EF312F-C64D-4EA1-B3E8-DDE7053F9D10}.Release|Any CPU.Build.0 = Release|Any CPU
		{68EF312F-C64D-4EA1-B3E8-DDE7053F9D10}.Release|x64.ActiveCfg = Release|Any CPU
		{68EF312F-C64D-4EA1-B3E8-DDE7053F9D10}.Release|x64.Build.0 = Release|Any CPU
		{68EF312F-C64D-4EA1-B3E8-DDE7053F9D10}.Release|x86.ActiveCfg = Release|Any CPU
		{68EF312F-C64D-4EA1-B3E8-DDE7053F9D10}.Release|x86.Build.0 = Release|Any CPU
		{21FB986E-D200-406C-936E-E2222AEF8739}.Debug|Any CPU.ActiveCfg = Debug|Any CPU
		{21FB986E-D200-406C-936E-E2222AEF8739}.Debug|Any CPU.Build.0 = Debug|Any CPU
		{21FB986E-D200-406C-936E-E2222AEF8739}.Debug|x64.ActiveCfg = Debug|Any CPU
		{21FB986E-D200-406C-936E-E2222AEF8739}.Debug|x64.Build.0 = Debug|Any CPU
		{21FB986E-D200-406C-936E-E2222AEF8739}.Debug|x86.ActiveCfg = Debug|Any CPU
		{21FB986E-D200-406C-936E-E2222AEF8739}.Debug|x86.Build.0 = Debug|Any CPU
		{21FB986E-D200-406C-936E-E2222AEF8739}.Release|Any CPU.ActiveCfg = Release|Any CPU
		{21FB986E-D200-406C-936E-E2222AEF8739}.Release|Any CPU.Build.0 = Release|Any CPU
		{21FB986E-D200-406C-936E-E2222AEF8739}.Release|x64.ActiveCfg = Release|Any CPU
		{21FB986E-D200-406C-936E-E2222AEF8739}.Release|x64.Build.0 = Release|Any CPU
		{21FB986E-D200-406C-936E-E2222AEF8739}.Release|x86.ActiveCfg = Release|Any CPU
		{21FB986E-D200-406C-936E-E2222AEF8739}.Release|x86.Build.0 = Release|Any CPU
		{78404254-7025-4BE7-A5C6-2F6605ED7A54}.Debug|Any CPU.ActiveCfg = Debug|Any CPU
		{78404254-7025-4BE7-A5C6-2F6605ED7A54}.Debug|Any CPU.Build.0 = Debug|Any CPU
		{78404254-7025-4BE7-A5C6-2F6605ED7A54}.Debug|x64.ActiveCfg = Debug|Any CPU
		{78404254-7025-4BE7-A5C6-2F6605ED7A54}.Debug|x64.Build.0 = Debug|Any CPU
		{78404254-7025-4BE7-A5C6-2F6605ED7A54}.Debug|x86.ActiveCfg = Debug|Any CPU
		{78404254-7025-4BE7-A5C6-2F6605ED7A54}.Debug|x86.Build.0 = Debug|Any CPU
		{78404254-7025-4BE7-A5C6-2F6605ED7A54}.Release|Any CPU.ActiveCfg = Release|Any CPU
		{78404254-7025-4BE7-A5C6-2F6605ED7A54}.Release|Any CPU.Build.0 = Release|Any CPU
		{78404254-7025-4BE7-A5C6-2F6605ED7A54}.Release|x64.ActiveCfg = Release|Any CPU
		{78404254-7025-4BE7-A5C6-2F6605ED7A54}.Release|x64.Build.0 = Release|Any CPU
		{78404254-7025-4BE7-A5C6-2F6605ED7A54}.Release|x86.ActiveCfg = Release|Any CPU
		{78404254-7025-4BE7-A5C6-2F6605ED7A54}.Release|x86.Build.0 = Release|Any CPU
		{BCF10825-F461-4883-B94C-4E20EF590190}.Debug|Any CPU.ActiveCfg = Debug|Any CPU
		{BCF10825-F461-4883-B94C-4E20EF590190}.Debug|Any CPU.Build.0 = Debug|Any CPU
		{BCF10825-F461-4883-B94C-4E20EF590190}.Debug|x64.ActiveCfg = Debug|Any CPU
		{BCF10825-F461-4883-B94C-4E20EF590190}.Debug|x64.Build.0 = Debug|Any CPU
		{BCF10825-F461-4883-B94C-4E20EF590190}.Debug|x86.ActiveCfg = Debug|Any CPU
		{BCF10825-F461-4883-B94C-4E20EF590190}.Debug|x86.Build.0 = Debug|Any CPU
		{BCF10825-F461-4883-B94C-4E20EF590190}.Release|Any CPU.ActiveCfg = Release|Any CPU
		{BCF10825-F461-4883-B94C-4E20EF590190}.Release|Any CPU.Build.0 = Release|Any CPU
		{BCF10825-F461-4883-B94C-4E20EF590190}.Release|x64.ActiveCfg = Release|Any CPU
		{BCF10825-F461-4883-B94C-4E20EF590190}.Release|x64.Build.0 = Release|Any CPU
		{BCF10825-F461-4883-B94C-4E20EF590190}.Release|x86.ActiveCfg = Release|Any CPU
		{BCF10825-F461-4883-B94C-4E20EF590190}.Release|x86.Build.0 = Release|Any CPU
		{1910D385-785E-4795-8CAC-07807C287AB8}.Debug|Any CPU.ActiveCfg = Debug|Any CPU
		{1910D385-785E-4795-8CAC-07807C287AB8}.Debug|Any CPU.Build.0 = Debug|Any CPU
		{1910D385-785E-4795-8CAC-07807C287AB8}.Debug|x64.ActiveCfg = Debug|Any CPU
		{1910D385-785E-4795-8CAC-07807C287AB8}.Debug|x64.Build.0 = Debug|Any CPU
		{1910D385-785E-4795-8CAC-07807C287AB8}.Debug|x86.ActiveCfg = Debug|Any CPU
		{1910D385-785E-4795-8CAC-07807C287AB8}.Debug|x86.Build.0 = Debug|Any CPU
		{1910D385-785E-4795-8CAC-07807C287AB8}.Release|Any CPU.ActiveCfg = Release|Any CPU
		{1910D385-785E-4795-8CAC-07807C287AB8}.Release|Any CPU.Build.0 = Release|Any CPU
		{1910D385-785E-4795-8CAC-07807C287AB8}.Release|x64.ActiveCfg = Release|Any CPU
		{1910D385-785E-4795-8CAC-07807C287AB8}.Release|x64.Build.0 = Release|Any CPU
		{1910D385-785E-4795-8CAC-07807C287AB8}.Release|x86.ActiveCfg = Release|Any CPU
		{1910D385-785E-4795-8CAC-07807C287AB8}.Release|x86.Build.0 = Release|Any CPU
	EndGlobalSection
	GlobalSection(SolutionProperties) = preSolution
		HideSolutionNode = FALSE
	EndGlobalSection
EndGlobal
