
Microsoft Visual Studio Solution File, Format Version 12.00
Project("{FAE04EC0-301F-11D3-BF4B-00C04F79EFBC}") = "DropBear.Codex.Core", "DropBear.Codex.Core\DropBear.Codex.Core.csproj", "{CF74FF27-ED8C-476F-BCF2-D688E934E272}"
EndProject
Project("{FAE04EC0-301F-11D3-BF4B-00C04F79EFBC}") = "DropBear.Codex.Utilities", "DropBear.Codex.Utilities\DropBear.Codex.Utilities.csproj", "{A8E67254-C62C-4513-9A6B-A0359D3EB24C}"
EndProject
Project("{FAE04EC0-301F-11D3-BF4B-00C04F79EFBC}") = "DropBear.Codex.Serialization", "DropBear.Codex.Serialization\DropBear.Codex.Serialization.csproj", "{198F7775-765A-4FCB-8DBB-848FBD42D188}"
EndProject
Project("{FAE04EC0-301F-11D3-BF4B-00C04F79EFBC}") = "DropBear.Codex.Hashing", "DropBear.Codex.Hashing\DropBear.Codex.Hashing.csproj", "{5D4B1363-1EA5-4977-BC61-534FD6A98397}"
EndProject
Project("{FAE04EC0-301F-11D3-BF4B-00C04F79EFBC}") = "DropBear.Codex.Tasks", "DropBear.Codex.Tasks\DropBear.Codex.Tasks.csproj", "{4E49E2CD-6D31-4ECD-A603-A85469720664}"
EndProject
Global
	GlobalSection(SolutionConfigurationPlatforms) = preSolution
		Debug|Any CPU = Debug|Any CPU
		Release|Any CPU = Release|Any CPU
	EndGlobalSection
	GlobalSection(ProjectConfigurationPlatforms) = postSolution
		{CF74FF27-ED8C-476F-BCF2-D688E934E272}.Debug|Any CPU.ActiveCfg = Debug|Any CPU
		{CF74FF27-ED8C-476F-BCF2-D688E934E272}.Debug|Any CPU.Build.0 = Debug|Any CPU
		{CF74FF27-ED8C-476F-BCF2-D688E934E272}.Release|Any CPU.ActiveCfg = Release|Any CPU
		{CF74FF27-ED8C-476F-BCF2-D688E934E272}.Release|Any CPU.Build.0 = Release|Any CPU
		{A8E67254-C62C-4513-9A6B-A0359D3EB24C}.Debug|Any CPU.ActiveCfg = Debug|Any CPU
		{A8E67254-C62C-4513-9A6B-A0359D3EB24C}.Debug|Any CPU.Build.0 = Debug|Any CPU
		{A8E67254-C62C-4513-9A6B-A0359D3EB24C}.Release|Any CPU.ActiveCfg = Release|Any CPU
		{A8E67254-C62C-4513-9A6B-A0359D3EB24C}.Release|Any CPU.Build.0 = Release|Any CPU
		{198F7775-765A-4FCB-8DBB-848FBD42D188}.Debug|Any CPU.ActiveCfg = Debug|Any CPU
		{198F7775-765A-4FCB-8DBB-848FBD42D188}.Debug|Any CPU.Build.0 = Debug|Any CPU
		{198F7775-765A-4FCB-8DBB-848FBD42D188}.Release|Any CPU.ActiveCfg = Release|Any CPU
		{198F7775-765A-4FCB-8DBB-848FBD42D188}.Release|Any CPU.Build.0 = Release|Any CPU
		{5D4B1363-1EA5-4977-BC61-534FD6A98397}.Debug|Any CPU.ActiveCfg = Debug|Any CPU
		{5D4B1363-1EA5-4977-BC61-534FD6A98397}.Debug|Any CPU.Build.0 = Debug|Any CPU
		{5D4B1363-1EA5-4977-BC61-534FD6A98397}.Release|Any CPU.ActiveCfg = Release|Any CPU
		{5D4B1363-1EA5-4977-BC61-534FD6A98397}.Release|Any CPU.Build.0 = Release|Any CPU
		{4E49E2CD-6D31-4ECD-A603-A85469720664}.Debug|Any CPU.ActiveCfg = Debug|Any CPU
		{4E49E2CD-6D31-4ECD-A603-A85469720664}.Debug|Any CPU.Build.0 = Debug|Any CPU
		{4E49E2CD-6D31-4ECD-A603-A85469720664}.Release|Any CPU.ActiveCfg = Release|Any CPU
		{4E49E2CD-6D31-4ECD-A603-A85469720664}.Release|Any CPU.Build.0 = Release|Any CPU
	EndGlobalSection
EndGlobal
